
Microsoft Visual Studio Solution File, Format Version 12.00
# Visual Studio Version 17
VisualStudioVersion = 17.12.35527.113 d17.12
MinimumVisualStudioVersion = 10.0.40219.1
Project("{FAE04EC0-301F-11D3-BF4B-00C04F79EFBC}") = "Safin41", "Safin41\Safin41.csproj", "{96F8E35A-CE6A-47F4-B9E0-214BA7B9B71F}"
EndProject
Project("{2150E333-8FDC-42A3-9474-1A3956D46DE8}") = "RRR", "RRR", "{F21F040C-CF65-4C89-A7B2-3B82F947C84C}"
EndProject
Global
	GlobalSection(SolutionConfigurationPlatforms) = preSolution
		Debug|Any CPU = Debug|Any CPU
		Release|Any CPU = Release|Any CPU
	EndGlobalSection
	GlobalSection(ProjectConfigurationPlatforms) = postSolution
		{96F8E35A-CE6A-47F4-B9E0-214BA7B9B71F}.Debug|Any CPU.ActiveCfg = Debug|Any CPU
		{96F8E35A-CE6A-47F4-B9E0-214BA7B9B71F}.Debug|Any CPU.Build.0 = Debug|Any CPU
		{96F8E35A-CE6A-47F4-B9E0-214BA7B9B71F}.Release|Any CPU.ActiveCfg = Release|Any CPU
		{96F8E35A-CE6A-47F4-B9E0-214BA7B9B71F}.Release|Any CPU.Build.0 = Release|Any CPU
	EndGlobalSection
	GlobalSection(SolutionProperties) = preSolution
		HideSolutionNode = FALSE
	EndGlobalSection
EndGlobal
